
Microsoft Visual Studio Solution File, Format Version 12.00
# Visual Studio Version 17
VisualStudioVersion = 17.0.31903.59
MinimumVisualStudioVersion = 10.0.40219.1
Project("{2150E333-8FDC-42A3-9474-1A3956D46DE8}") = "tests", "tests", "{0AB3BF05-4346-4AA6-1389-037BE0695223}"
EndProject
Project("{FAE04EC0-301F-11D3-BF4B-00C04F79EFBC}") = "Servika.IntegrationTests", "tests\Servika.IntegrationTests\Servika.IntegrationTests.csproj", "{240F4D3E-CD33-44F3-918D-15B201B82789}"
EndProject
Project("{FAE04EC0-301F-11D3-BF4B-00C04F79EFBC}") = "Servika.UnitTests", "tests\Servika.UnitTests\Servika.UnitTests.csproj", "{79C1CA95-EC35-4828-A510-3176C6BCC96C}"
EndProject
Project("{FAE04EC0-301F-11D3-BF4B-00C04F79EFBC}") = "Servika.Api", "src\Servika.Api\Servika.Api.csproj", "{609C8F0E-75A5-4315-8E38-1F698EA1800F}"
EndProject
Project("{FAE04EC0-301F-11D3-BF4B-00C04F79EFBC}") = "Servika.Infrastructure", "src\Servika.Infrastructure\Servika.Infrastructure.csproj", "{0572B5B3-8638-450F-87F7-F816D63C115D}"
EndProject
Project("{FAE04EC0-301F-11D3-BF4B-00C04F79EFBC}") = "Servika.Domain", "src\Servika.Domain\Servika.Domain.csproj", "{077D9B60-EF77-4B70-BD93-2452940E5A16}"
EndProject
Project("{FAE04EC0-301F-11D3-BF4B-00C04F79EFBC}") = "Servika.Contracts", "src\Servika.Contracts\Servika.Contracts.csproj", "{95F37C58-C993-423C-8D88-6F68E4E007B8}"
EndProject
Project("{FAE04EC0-301F-11D3-BF4B-00C04F79EFBC}") = "Servika.Application", "src\Servika.Application\Servika.Application.csproj", "{ED0B61FF-2F9A-4785-9DEC-08B9AF23EBF5}"
EndProject
Project("{FAE04EC0-301F-11D3-BF4B-00C04F79EFBC}") = "Servika.Worker", "src\Servika.Worker\Servika.Worker.csproj", "{5A12E1FF-C879-4FD4-B9CC-83B4663AF956}"
EndProject
Global
	GlobalSection(SolutionConfigurationPlatforms) = preSolution
		Debug|Any CPU = Debug|Any CPU
		Debug|x64 = Debug|x64
		Debug|x86 = Debug|x86
		Release|Any CPU = Release|Any CPU
		Release|x64 = Release|x64
		Release|x86 = Release|x86
	EndGlobalSection
	GlobalSection(ProjectConfigurationPlatforms) = postSolution
		{240F4D3E-CD33-44F3-918D-15B201B82789}.Debug|Any CPU.ActiveCfg = Debug|Any CPU
		{240F4D3E-CD33-44F3-918D-15B201B82789}.Debug|Any CPU.Build.0 = Debug|Any CPU
		{240F4D3E-CD33-44F3-918D-15B201B82789}.Debug|x64.ActiveCfg = Debug|Any CPU
		{240F4D3E-CD33-44F3-918D-15B201B82789}.Debug|x64.Build.0 = Debug|Any CPU
		{240F4D3E-CD33-44F3-918D-15B201B82789}.Debug|x86.ActiveCfg = Debug|Any CPU
		{240F4D3E-CD33-44F3-918D-15B201B82789}.Debug|x86.Build.0 = Debug|Any CPU
		{240F4D3E-CD33-44F3-918D-15B201B82789}.Release|Any CPU.ActiveCfg = Release|Any CPU
		{240F4D3E-CD33-44F3-918D-15B201B82789}.Release|Any CPU.Build.0 = Release|Any CPU
		{240F4D3E-CD33-44F3-918D-15B201B82789}.Release|x64.ActiveCfg = Release|Any CPU
		{240F4D3E-CD33-44F3-918D-15B201B82789}.Release|x64.Build.0 = Release|Any CPU
		{240F4D3E-CD33-44F3-918D-15B201B82789}.Release|x86.ActiveCfg = Release|Any CPU
		{240F4D3E-CD33-44F3-918D-15B201B82789}.Release|x86.Build.0 = Release|Any CPU
		{79C1CA95-EC35-4828-A510-3176C6BCC96C}.Debug|Any CPU.ActiveCfg = Debug|Any CPU
		{79C1CA95-EC35-4828-A510-3176C6BCC96C}.Debug|Any CPU.Build.0 = Debug|Any CPU
		{79C1CA95-EC35-4828-A510-3176C6BCC96C}.Debug|x64.ActiveCfg = Debug|Any CPU
		{79C1CA95-EC35-4828-A510-3176C6BCC96C}.Debug|x64.Build.0 = Debug|Any CPU
		{79C1CA95-EC35-4828-A510-3176C6BCC96C}.Debug|x86.ActiveCfg = Debug|Any CPU
		{79C1CA95-EC35-4828-A510-3176C6BCC96C}.Debug|x86.Build.0 = Debug|Any CPU
		{79C1CA95-EC35-4828-A510-3176C6BCC96C}.Release|Any CPU.ActiveCfg = Release|Any CPU
		{79C1CA95-EC35-4828-A510-3176C6BCC96C}.Release|Any CPU.Build.0 = Release|Any CPU
		{79C1CA95-EC35-4828-A510-3176C6BCC96C}.Release|x64.ActiveCfg = Release|Any CPU
		{79C1CA95-EC35-4828-A510-3176C6BCC96C}.Release|x64.Build.0 = Release|Any CPU
		{79C1CA95-EC35-4828-A510-3176C6BCC96C}.Release|x86.ActiveCfg = Release|Any CPU
		{79C1CA95-EC35-4828-A510-3176C6BCC96C}.Release|x86.Build.0 = Release|Any CPU
		{609C8F0E-75A5-4315-8E38-1F698EA1800F}.Debug|Any CPU.ActiveCfg = Debug|Any CPU
		{609C8F0E-75A5-4315-8E38-1F698EA1800F}.Debug|Any CPU.Build.0 = Debug|Any CPU
		{609C8F0E-75A5-4315-8E38-1F698EA1800F}.Debug|x64.ActiveCfg = Debug|Any CPU
		{609C8F0E-75A5-4315-8E38-1F698EA1800F}.Debug|x64.Build.0 = Debug|Any CPU
		{609C8F0E-75A5-4315-8E38-1F698EA1800F}.Debug|x86.ActiveCfg = Debug|Any CPU
		{609C8F0E-75A5-4315-8E38-1F698EA1800F}.Debug|x86.Build.0 = Debug|Any CPU
		{609C8F0E-75A5-4315-8E38-1F698EA1800F}.Release|Any CPU.ActiveCfg = Release|Any CPU
		{609C8F0E-75A5-4315-8E38-1F698EA1800F}.Release|Any CPU.Build.0 = Release|Any CPU
		{609C8F0E-75A5-4315-8E38-1F698EA1800F}.Release|x64.ActiveCfg = Release|Any CPU
		{609C8F0E-75A5-4315-8E38-1F698EA1800F}.Release|x64.Build.0 = Release|Any CPU
		{609C8F0E-75A5-4315-8E38-1F698EA1800F}.Release|x86.ActiveCfg = Release|Any CPU
		{609C8F0E-75A5-4315-8E38-1F698EA1800F}.Release|x86.Build.0 = Release|Any CPU
		{0572B5B3-8638-450F-87F7-F816D63C115D}.Debug|Any CPU.ActiveCfg = Debug|Any CPU
		{0572B5B3-8638-450F-87F7-F816D63C115D}.Debug|Any CPU.Build.0 = Debug|Any CPU
		{0572B5B3-8638-450F-87F7-F816D63C115D}.Debug|x64.ActiveCfg = Debug|Any CPU
		{0572B5B3-8638-450F-87F7-F816D63C115D}.Debug|x64.Build.0 = Debug|Any CPU
		{0572B5B3-8638-450F-87F7-F816D63C115D}.Debug|x86.ActiveCfg = Debug|Any CPU
		{0572B5B3-8638-450F-87F7-F816D63C115D}.Debug|x86.Build.0 = Debug|Any CPU
		{0572B5B3-8638-450F-87F7-F816D63C115D}.Release|Any CPU.ActiveCfg = Release|Any CPU
		{0572B5B3-8638-450F-87F7-F816D63C115D}.Release|Any CPU.Build.0 = Release|Any CPU
		{0572B5B3-8638-450F-87F7-F816D63C115D}.Release|x64.ActiveCfg = Release|Any CPU
		{0572B5B3-8638-450F-87F7-F816D63C115D}.Release|x64.Build.0 = Release|Any CPU
		{0572B5B3-8638-450F-87F7-F816D63C115D}.Release|x86.ActiveCfg = Release|Any CPU
		{0572B5B3-8638-450F-87F7-F816D63C115D}.Release|x86.Build.0 = Release|Any CPU
		{077D9B60-EF77-4B70-BD93-2452940E5A16}.Debug|Any CPU.ActiveCfg = Debug|Any CPU
		{077D9B60-EF77-4B70-BD93-2452940E5A16}.Debug|Any CPU.Build.0 = Debug|Any CPU
		{077D9B60-EF77-4B70-BD93-2452940E5A16}.Debug|x64.ActiveCfg = Debug|Any CPU
		{077D9B60-EF77-4B70-BD93-2452940E5A16}.Debug|x64.Build.0 = Debug|Any CPU
		{077D9B60-EF77-4B70-BD93-2452940E5A16}.Debug|x86.ActiveCfg = Debug|Any CPU
		{077D9B60-EF77-4B70-BD93-2452940E5A16}.Debug|x86.Build.0 = Debug|Any CPU
		{077D9B60-EF77-4B70-BD93-2452940E5A16}.Release|Any CPU.ActiveCfg = Release|Any CPU
		{077D9B60-EF77-4B70-BD93-2452940E5A16}.Release|Any CPU.Build.0 = Release|Any CPU
		{077D9B60-EF77-4B70-BD93-2452940E5A16}.Release|x64.ActiveCfg = Release|Any CPU
		{077D9B60-EF77-4B70-BD93-2452940E5A16}.Release|x64.Build.0 = Release|Any CPU
		{077D9B60-EF77-4B70-BD93-2452940E5A16}.Release|x86.ActiveCfg = Release|Any CPU
		{077D9B60-EF77-4B70-BD93-2452940E5A16}.Release|x86.Build.0 = Release|Any CPU
		{95F37C58-C993-423C-8D88-6F68E4E007B8}.Debug|Any CPU.ActiveCfg = Debug|Any CPU
		{95F37C58-C993-423C-8D88-6F68E4E007B8}.Debug|Any CPU.Build.0 = Debug|Any CPU
		{95F37C58-C993-423C-8D88-6F68E4E007B8}.Debug|x64.ActiveCfg = Debug|Any CPU
		{95F37C58-C993-423C-8D88-6F68E4E007B8}.Debug|x64.Build.0 = Debug|Any CPU
		{95F37C58-C993-423C-8D88-6F68E4E007B8}.Debug|x86.ActiveCfg = Debug|Any CPU
		{95F37C58-C993-423C-8D88-6F68E4E007B8}.Debug|x86.Build.0 = Debug|Any CPU
		{95F37C58-C993-423C-8D88-6F68E4E007B8}.Release|Any CPU.ActiveCfg = Release|Any CPU
		{95F37C58-C993-423C-8D88-6F68E4E007B8}.Release|Any CPU.Build.0 = Release|Any CPU
		{95F37C58-C993-423C-8D88-6F68E4E007B8}.Release|x64.ActiveCfg = Release|Any CPU
		{95F37C58-C993-423C-8D88-6F68E4E007B8}.Release|x64.Build.0 = Release|Any CPU
		{95F37C58-C993-423C-8D88-6F68E4E007B8}.Release|x86.ActiveCfg = Release|Any CPU
		{95F37C58-C993-423C-8D88-6F68E4E007B8}.Release|x86.Build.0 = Release|Any CPU
		{ED0B61FF-2F9A-4785-9DEC-08B9AF23EBF5}.Debug|Any CPU.ActiveCfg = Debug|Any CPU
		{ED0B61FF-2F9A-4785-9DEC-08B9AF23EBF5}.Debug|Any CPU.Build.0 = Debug|Any CPU
		{ED0B61FF-2F9A-4785-9DEC-08B9AF23EBF5}.Debug|x64.ActiveCfg = Debug|Any CPU
		{ED0B61FF-2F9A-4785-9DEC-08B9AF23EBF5}.Debug|x64.Build.0 = Debug|Any CPU
		{ED0B61FF-2F9A-4785-9DEC-08B9AF23EBF5}.Debug|x86.ActiveCfg = Debug|Any CPU
		{ED0B61FF-2F9A-4785-9DEC-08B9AF23EBF5}.Debug|x86.Build.0 = Debug|Any CPU
		{ED0B61FF-2F9A-4785-9DEC-08B9AF23EBF5}.Release|Any CPU.ActiveCfg = Release|Any CPU
		{ED0B61FF-2F9A-4785-9DEC-08B9AF23EBF5}.Release|Any CPU.Build.0 = Release|Any CPU
		{ED0B61FF-2F9A-4785-9DEC-08B9AF23EBF5}.Release|x64.ActiveCfg = Release|Any CPU
		{ED0B61FF-2F9A-4785-9DEC-08B9AF23EBF5}.Release|x64.Build.0 = Release|Any CPU
		{ED0B61FF-2F9A-4785-9DEC-08B9AF23EBF5}.Release|x86.ActiveCfg = Release|Any CPU
		{ED0B61FF-2F9A-4785-9DEC-08B9AF23EBF5}.Release|x86.Build.0 = Release|Any CPU
		{5A12E1FF-C879-4FD4-B9CC-83B4663AF956}.Debug|Any CPU.ActiveCfg = Debug|Any CPU
		{5A12E1FF-C879-4FD4-B9CC-83B4663AF956}.Debug|Any CPU.Build.0 = Debug|Any CPU
		{5A12E1FF-C879-4FD4-B9CC-83B4663AF956}.Debug|x64.ActiveCfg = Debug|Any CPU
		{5A12E1FF-C879-4FD4-B9CC-83B4663AF956}.Debug|x64.Build.0 = Debug|Any CPU
		{5A12E1FF-C879-4FD4-B9CC-83B4663AF956}.Debug|x86.ActiveCfg = Debug|Any CPU
		{5A12E1FF-C879-4FD4-B9CC-83B4663AF956}.Debug|x86.Build.0 = Debug|Any CPU
		{5A12E1FF-C879-4FD4-B9CC-83B4663AF956}.Release|Any CPU.ActiveCfg = Release|Any CPU
		{5A12E1FF-C879-4FD4-B9CC-83B4663AF956}.Release|Any CPU.Build.0 = Release|Any CPU
		{5A12E1FF-C879-4FD4-B9CC-83B4663AF956}.Release|x64.ActiveCfg = Release|Any CPU
		{5A12E1FF-C879-4FD4-B9CC-83B4663AF956}.Release|x64.Build.0 = Release|Any CPU
		{5A12E1FF-C879-4FD4-B9CC-83B4663AF956}.Release|x86.ActiveCfg = Release|Any CPU
		{5A12E1FF-C879-4FD4-B9CC-83B4663AF956}.Release|x86.Build.0 = Release|Any CPU
	EndGlobalSection
	GlobalSection(SolutionProperties) = preSolution
		HideSolutionNode = FALSE
	EndGlobalSection
	GlobalSection(NestedProjects) = preSolution
		{240F4D3E-CD33-44F3-918D-15B201B82789} = {0AB3BF05-4346-4AA6-1389-037BE0695223}
		{79C1CA95-EC35-4828-A510-3176C6BCC96C} = {0AB3BF05-4346-4AA6-1389-037BE0695223}
		{609C8F0E-75A5-4315-8E38-1F698EA1800F} = {0AB3BF05-4346-4AA6-1389-037BE0695223}
		{0572B5B3-8638-450F-87F7-F816D63C115D} = {0AB3BF05-4346-4AA6-1389-037BE0695223}
		{077D9B60-EF77-4B70-BD93-2452940E5A16} = {0AB3BF05-4346-4AA6-1389-037BE0695223}
		{95F37C58-C993-423C-8D88-6F68E4E007B8} = {0AB3BF05-4346-4AA6-1389-037BE0695223}
		{ED0B61FF-2F9A-4785-9DEC-08B9AF23EBF5} = {0AB3BF05-4346-4AA6-1389-037BE0695223}
		{5A12E1FF-C879-4FD4-B9CC-83B4663AF956} = {0AB3BF05-4346-4AA6-1389-037BE0695223}
	EndGlobalSection
EndGlobal
